
Microsoft Visual Studio Solution File, Format Version 12.00
# Visual Studio Version 17
VisualStudioVersion = 17.3.32819.101
MinimumVisualStudioVersion = 10.0.40219.1
Project("{FAE04EC0-301F-11D3-BF4B-00C04F79EFBC}") = "Encrypt-PDF-with-owner-password", "Encrypt-PDF-with-owner-password\Encrypt-PDF-with-owner-password.csproj", "{3C997EF4-4B20-448A-B219-44398D5BBC01}"
EndProject
Global
	GlobalSection(SolutionConfigurationPlatforms) = preSolution
		Debug|Any CPU = Debug|Any CPU
		Release|Any CPU = Release|Any CPU
	EndGlobalSection
	GlobalSection(ProjectConfigurationPlatforms) = postSolution
		{3C997EF4-4B20-448A-B219-44398D5BBC01}.Debug|Any CPU.ActiveCfg = Debug|Any CPU
		{3C997EF4-4B20-448A-B219-44398D5BBC01}.Debug|Any CPU.Build.0 = Debug|Any CPU
		{3C997EF4-4B20-448A-B219-44398D5BBC01}.Release|Any CPU.ActiveCfg = Release|Any CPU
		{3C997EF4-4B20-448A-B219-44398D5BBC01}.Release|Any CPU.Build.0 = Release|Any CPU
	EndGlobalSection
	GlobalSection(SolutionProperties) = preSolution
		HideSolutionNode = FALSE
	EndGlobalSection
	GlobalSection(ExtensibilityGlobals) = postSolution
		SolutionGuid = {DBF19599-4D5E-454A-B769-953E81257824}
	EndGlobalSection
EndGlobal
